// !$*UTF8*$!
{
	archiveVersion = 1;
	classes = {
	};
	objectVersion = 56;
	objects = {

/* Begin PBXBuildFile section */
		DF5B136D2B59B4730079036D /* CardsApp.swift in Sources */ = {isa = PBXBuildFile; fileRef = DF5B136C2B59B4730079036D /* CardsApp.swift */; };
		DF5B136F2B59B4730079036D /* ContentView.swift in Sources */ = {isa = PBXBuildFile; fileRef = DF5B136E2B59B4730079036D /* ContentView.swift */; };
		DF5B13712B59B4770079036D /* Assets.xcassets in Resources */ = {isa = PBXBuildFile; fileRef = DF5B13702B59B4770079036D /* Assets.xcassets */; };
		DF5B13742B59B4770079036D /* Preview Assets.xcassets in Resources */ = {isa = PBXBuildFile; fileRef = DF5B13732B59B4770079036D /* Preview Assets.xcassets */; };
		DF5B13802B59BBE30079036D /* PokemonCardsLayout.swift in Sources */ = {isa = PBXBuildFile; fileRef = DF5B137F2B59BBE30079036D /* PokemonCardsLayout.swift */; };
		DF5B13822B59BC430079036D /* FireElement.swift in Sources */ = {isa = PBXBuildFile; fileRef = DF5B13812B59BC430079036D /* FireElement.swift */; };
		DF5B13842B59BC8A0079036D /* WaterElement.swift in Sources */ = {isa = PBXBuildFile; fileRef = DF5B13832B59BC8A0079036D /* WaterElement.swift */; };
		DF5B13862B59BCB00079036D /* NormalElement.swift in Sources */ = {isa = PBXBuildFile; fileRef = DF5B13852B59BCB00079036D /* NormalElement.swift */; };
		DFEA8A002B5E717700F4DD4D /* PokemonListView.swift in Sources */ = {isa = PBXBuildFile; fileRef = DFEA89FF2B5E717700F4DD4D /* PokemonListView.swift */; };
/* End PBXBuildFile section */

/* Begin PBXFileReference section */
		DF5B13692B59B4730079036D /* Cards.app */ = {isa = PBXFileReference; explicitFileType = wrapper.application; includeInIndex = 0; path = Cards.app; sourceTree = BUILT_PRODUCTS_DIR; };
		DF5B136C2B59B4730079036D /* CardsApp.swift */ = {isa = PBXFileReference; lastKnownFileType = sourcecode.swift; path = CardsApp.swift; sourceTree = "<group>"; };
		DF5B136E2B59B4730079036D /* ContentView.swift */ = {isa = PBXFileReference; lastKnownFileType = sourcecode.swift; path = ContentView.swift; sourceTree = "<group>"; };
		DF5B13702B59B4770079036D /* Assets.xcassets */ = {isa = PBXFileReference; lastKnownFileType = folder.assetcatalog; path = Assets.xcassets; sourceTree = "<group>"; };
		DF5B13732B59B4770079036D /* Preview Assets.xcassets */ = {isa = PBXFileReference; lastKnownFileType = folder.assetcatalog; path = "Preview Assets.xcassets"; sourceTree = "<group>"; };
		DF5B13752B59B4770079036D /* Cards.entitlements */ = {isa = PBXFileReference; lastKnownFileType = text.plist.entitlements; path = Cards.entitlements; sourceTree = "<group>"; };
		DF5B137F2B59BBE30079036D /* PokemonCardsLayout.swift */ = {isa = PBXFileReference; lastKnownFileType = sourcecode.swift; path = PokemonCardsLayout.swift; sourceTree = "<group>"; };
		DF5B13812B59BC430079036D /* FireElement.swift */ = {isa = PBXFileReference; lastKnownFileType = sourcecode.swift; path = FireElement.swift; sourceTree = "<group>"; };
		DF5B13832B59BC8A0079036D /* WaterElement.swift */ = {isa = PBXFileReference; lastKnownFileType = sourcecode.swift; path = WaterElement.swift; sourceTree = "<group>"; };
		DF5B13852B59BCB00079036D /* NormalElement.swift */ = {isa = PBXFileReference; lastKnownFileType = sourcecode.swift; path = NormalElement.swift; sourceTree = "<group>"; };
		DFEA89FF2B5E717700F4DD4D /* PokemonListView.swift */ = {isa = PBXFileReference; lastKnownFileType = sourcecode.swift; path = PokemonListView.swift; sourceTree = "<group>"; };
/* End PBXFileReference section */

/* Begin PBXFrameworksBuildPhase section */
		DF5B13662B59B4730079036D /* Frameworks */ = {
			isa = PBXFrameworksBuildPhase;
			buildActionMask = 2147483647;
			files = (
			);
			runOnlyForDeploymentPostprocessing = 0;
		};
/* End PBXFrameworksBuildPhase section */

/* Begin PBXGroup section */
		DF5B13602B59B4730079036D = {
			isa = PBXGroup;
			children = (
				DF5B136B2B59B4730079036D /* Cards */,
				DF5B136A2B59B4730079036D /* Products */,
			);
			sourceTree = "<group>";
		};
		DF5B136A2B59B4730079036D /* Products */ = {
			isa = PBXGroup;
			children = (
				DF5B13692B59B4730079036D /* Cards.app */,
			);
			name = Products;
			sourceTree = "<group>";
		};
		DF5B136B2B59B4730079036D /* Cards */ = {
			isa = PBXGroup;
			children = (
				DF5B136C2B59B4730079036D /* CardsApp.swift */,
				DF5B136E2B59B4730079036D /* ContentView.swift */,
				DF5B137D2B59B9240079036D /* Model */,
				DF5B137E2B59B92C0079036D /* View */,
				DF5B13702B59B4770079036D /* Assets.xcassets */,
				DF5B13752B59B4770079036D /* Cards.entitlements */,
				DF5B13722B59B4770079036D /* Preview Content */,
			);
			path = Cards;
			sourceTree = "<group>";
		};
		DF5B13722B59B4770079036D /* Preview Content */ = {
			isa = PBXGroup;
			children = (
				DF5B13732B59B4770079036D /* Preview Assets.xcassets */,
			);
			path = "Preview Content";
			sourceTree = "<group>";
		};
		DF5B137D2B59B9240079036D /* Model */ = {
			isa = PBXGroup;
			children = (
				DF5B137F2B59BBE30079036D /* PokemonCardsLayout.swift */,
			);
			path = Model;
			sourceTree = "<group>";
		};
		DF5B137E2B59B92C0079036D /* View */ = {
			isa = PBXGroup;
			children = (
				DF5B13812B59BC430079036D /* FireElement.swift */,
				DF5B13832B59BC8A0079036D /* WaterElement.swift */,
				DF5B13852B59BCB00079036D /* NormalElement.swift */,
				DFEA89FF2B5E717700F4DD4D /* PokemonListView.swift */,
			);
			path = View;
			sourceTree = "<group>";
		};
/* End PBXGroup section */

/* Begin PBXNativeTarget section */
		DF5B13682B59B4730079036D /* Cards */ = {
			isa = PBXNativeTarget;
			buildConfigurationList = DF5B13782B59B4770079036D /* Build configuration list for PBXNativeTarget "Cards" */;
			buildPhases = (
				DF5B13652B59B4730079036D /* Sources */,
				DF5B13662B59B4730079036D /* Frameworks */,
				DF5B13672B59B4730079036D /* Resources */,
			);
			buildRules = (
			);
			dependencies = (
			);
			name = Cards;
			productName = Cards;
			productReference = DF5B13692B59B4730079036D /* Cards.app */;
			productType = "com.apple.product-type.application";
		};
/* End PBXNativeTarget section */

/* Begin PBXProject section */
		DF5B13612B59B4730079036D /* Project object */ = {
			isa = PBXProject;
			attributes = {
				BuildIndependentTargetsInParallel = 1;
				LastSwiftUpdateCheck = 1520;
				LastUpgradeCheck = 1520;
				TargetAttributes = {
					DF5B13682B59B4730079036D = {
						CreatedOnToolsVersion = 15.2;
					};
				};
			};
			buildConfigurationList = DF5B13642B59B4730079036D /* Build configuration list for PBXProject "Cards" */;
			compatibilityVersion = "Xcode 14.0";
			developmentRegion = en;
			hasScannedForEncodings = 0;
			knownRegions = (
				en,
				Base,
			);
			mainGroup = DF5B13602B59B4730079036D;
			productRefGroup = DF5B136A2B59B4730079036D /* Products */;
			projectDirPath = "";
			projectRoot = "";
			targets = (
				DF5B13682B59B4730079036D /* Cards */,
			);
		};
/* End PBXProject section */

/* Begin PBXResourcesBuildPhase section */
		DF5B13672B59B4730079036D /* Resources */ = {
			isa = PBXResourcesBuildPhase;
			buildActionMask = 2147483647;
			files = (
				DF5B13742B59B4770079036D /* Preview Assets.xcassets in Resources */,
				DF5B13712B59B4770079036D /* Assets.xcassets in Resources */,
			);
			runOnlyForDeploymentPostprocessing = 0;
		};
/* End PBXResourcesBuildPhase section */

/* Begin PBXSourcesBuildPhase section */
		DF5B13652B59B4730079036D /* Sources */ = {
			isa = PBXSourcesBuildPhase;
			buildActionMask = 2147483647;
			files = (
				DF5B13822B59BC430079036D /* FireElement.swift in Sources */,
				DF5B136F2B59B4730079036D /* ContentView.swift in Sources */,
				DF5B136D2B59B4730079036D /* CardsApp.swift in Sources */,
				DF5B13802B59BBE30079036D /* PokemonCardsLayout.swift in Sources */,
				DF5B13842B59BC8A0079036D /* WaterElement.swift in Sources */,
				DFEA8A002B5E717700F4DD4D /* PokemonListView.swift in Sources */,
				DF5B13862B59BCB00079036D /* NormalElement.swift in Sources */,
			);
			runOnlyForDeploymentPostprocessing = 0;
		};
/* End PBXSourcesBuildPhase section */

/* Begin XCBuildConfiguration section */
		DF5B13762B59B4770079036D /* Debug */ = {
			isa = XCBuildConfiguration;
			buildSettings = {
				ALWAYS_SEARCH_USER_PATHS = NO;
				ASSETCATALOG_COMPILER_GENERATE_SWIFT_ASSET_SYMBOL_EXTENSIONS = YES;
				CLANG_ANALYZER_NONNULL = YES;
				CLANG_ANALYZER_NUMBER_OBJECT_CONVERSION = YES_AGGRESSIVE;
				CLANG_CXX_LANGUAGE_STANDARD = "gnu++20";
				CLANG_ENABLE_MODULES = YES;
				CLANG_ENABLE_OBJC_ARC = YES;
				CLANG_ENABLE_OBJC_WEAK = YES;
				CLANG_WARN_BLOCK_CAPTURE_AUTORELEASING = YES;
				CLANG_WARN_BOOL_CONVERSION = YES;
				CLANG_WARN_COMMA = YES;
				CLANG_WARN_CONSTANT_CONVERSION = YES;
				CLANG_WARN_DEPRECATED_OBJC_IMPLEMENTATIONS = YES;
				CLANG_WARN_DIRECT_OBJC_ISA_USAGE = YES_ERROR;
				CLANG_WARN_DOCUMENTATION_COMMENTS = YES;
				CLANG_WARN_EMPTY_BODY = YES;
				CLANG_WARN_ENUM_CONVERSION = YES;
				CLANG_WARN_INFINITE_RECURSION = YES;
				CLANG_WARN_INT_CONVERSION = YES;
				CLANG_WARN_NON_LITERAL_NULL_CONVERSION = YES;
				CLANG_WARN_OBJC_IMPLICIT_RETAIN_SELF = YES;
				CLANG_WARN_OBJC_LITERAL_CONVERSION = YES;
				CLANG_WARN_OBJC_ROOT_CLASS = YES_ERROR;
				CLANG_WARN_QUOTED_INCLUDE_IN_FRAMEWORK_HEADER = YES;
				CLANG_WARN_RANGE_LOOP_ANALYSIS = YES;
				CLANG_WARN_STRICT_PROTOTYPES = YES;
				CLANG_WARN_SUSPICIOUS_MOVE = YES;
				CLANG_WARN_UNGUARDED_AVAILABILITY = YES_AGGRESSIVE;
				CLANG_WARN_UNREACHABLE_CODE = YES;
				CLANG_WARN__DUPLICATE_METHOD_MATCH = YES;
				COPY_PHASE_STRIP = NO;
				DEBUG_INFORMATION_FORMAT = dwarf;
				ENABLE_STRICT_OBJC_MSGSEND = YES;
				ENABLE_TESTABILITY = YES;
				ENABLE_USER_SCRIPT_SANDBOXING = YES;
				GCC_C_LANGUAGE_STANDARD = gnu17;
				GCC_DYNAMIC_NO_PIC = NO;
				GCC_NO_COMMON_BLOCKS = YES;
				GCC_OPTIMIZATION_LEVEL = 0;
				GCC_PREPROCESSOR_DEFINITIONS = (
					"DEBUG=1",
					"$(inherited)",
				);
				GCC_WARN_64_TO_32_BIT_CONVERSION = YES;
				GCC_WARN_ABOUT_RETURN_TYPE = YES_ERROR;
				GCC_WARN_UNDECLARED_SELECTOR = YES;
				GCC_WARN_UNINITIALIZED_AUTOS = YES_AGGRESSIVE;
				GCC_WARN_UNUSED_FUNCTION = YES;
				GCC_WARN_UNUSED_VARIABLE = YES;
				LOCALIZATION_PREFERS_STRING_CATALOGS = YES;
				MACOSX_DEPLOYMENT_TARGET = 14.0;
				MTL_ENABLE_DEBUG_INFO = INCLUDE_SOURCE;
				MTL_FAST_MATH = YES;
				ONLY_ACTIVE_ARCH = YES;
				SDKROOT = macosx;
				SWIFT_ACTIVE_COMPILATION_CONDITIONS = "DEBUG $(inherited)";
				SWIFT_OPTIMIZATION_LEVEL = "-Onone";
			};
			name = Debug;
		};
		DF5B13772B59B4770079036D /* Release */ = {
			isa = XCBuildConfiguration;
			buildSettings = {
				ALWAYS_SEARCH_USER_PATHS = NO;
				ASSETCATALOG_COMPILER_GENERATE_SWIFT_ASSET_SYMBOL_EXTENSIONS = YES;
				CLANG_ANALYZER_NONNULL = YES;
				CLANG_ANALYZER_NUMBER_OBJECT_CONVERSION = YES_AGGRESSIVE;
				CLANG_CXX_LANGUAGE_STANDARD = "gnu++20";
				CLANG_ENABLE_MODULES = YES;
				CLANG_ENABLE_OBJC_ARC = YES;
				CLANG_ENABLE_OBJC_WEAK = YES;
				CLANG_WARN_BLOCK_CAPTURE_AUTORELEASING = YES;
				CLANG_WARN_BOOL_CONVERSION = YES;
				CLANG_WARN_COMMA = YES;
				CLANG_WARN_CONSTANT_CONVERSION = YES;
				CLANG_WARN_DEPRECATED_OBJC_IMPLEMENTATIONS = YES;
				CLANG_WARN_DIRECT_OBJC_ISA_USAGE = YES_ERROR;
				CLANG_WARN_DOCUMENTATION_COMMENTS = YES;
				CLANG_WARN_EMPTY_BODY = YES;
				CLANG_WARN_ENUM_CONVERSION = YES;
				CLANG_WARN_INFINITE_RECURSION = YES;
				CLANG_WARN_INT_CONVERSION = YES;
				CLANG_WARN_NON_LITERAL_NULL_CONVERSION = YES;
				CLANG_WARN_OBJC_IMPLICIT_RETAIN_SELF = YES;
				CLANG_WARN_OBJC_LITERAL_CONVERSION = YES;
				CLANG_WARN_OBJC_ROOT_CLASS = YES_ERROR;
				CLANG_WARN_QUOTED_INCLUDE_IN_FRAMEWORK_HEADER = YES;
				CLANG_WARN_RANGE_LOOP_ANALYSIS = YES;
				CLANG_WARN_STRICT_PROTOTYPES = YES;
				CLANG_WARN_SUSPICIOUS_MOVE = YES;
				CLANG_WARN_UNGUARDED_AVAILABILITY = YES_AGGRESSIVE;
				CLANG_WARN_UNREACHABLE_CODE = YES;
				CLANG_WARN__DUPLICATE_METHOD_MATCH = YES;
				COPY_PHASE_STRIP = NO;
				DEBUG_INFORMATION_FORMAT = "dwarf-with-dsym";
				ENABLE_NS_ASSERTIONS = NO;
				ENABLE_STRICT_OBJC_MSGSEND = YES;
				ENABLE_USER_SCRIPT_SANDBOXING = YES;
				GCC_C_LANGUAGE_STANDARD = gnu17;
				GCC_NO_COMMON_BLOCKS = YES;
				GCC_WARN_64_TO_32_BIT_CONVERSION = YES;
				GCC_WARN_ABOUT_RETURN_TYPE = YES_ERROR;
				GCC_WARN_UNDECLARED_SELECTOR = YES;
				GCC_WARN_UNINITIALIZED_AUTOS = YES_AGGRESSIVE;
				GCC_WARN_UNUSED_FUNCTION = YES;
				GCC_WARN_UNUSED_VARIABLE = YES;
				LOCALIZATION_PREFERS_STRING_CATALOGS = YES;
				MACOSX_DEPLOYMENT_TARGET = 14.0;
				MTL_ENABLE_DEBUG_INFO = NO;
				MTL_FAST_MATH = YES;
				SDKROOT = macosx;
				SWIFT_COMPILATION_MODE = wholemodule;
			};
			name = Release;
		};
		DF5B13792B59B4770079036D /* Debug */ = {
			isa = XCBuildConfiguration;
			buildSettings = {
				ASSETCATALOG_COMPILER_APPICON_NAME = AppIcon;
				ASSETCATALOG_COMPILER_GLOBAL_ACCENT_COLOR_NAME = AccentColor;
				CODE_SIGN_ENTITLEMENTS = Cards/Cards.entitlements;
				CODE_SIGN_STYLE = Automatic;
				COMBINE_HIDPI_IMAGES = YES;
				CURRENT_PROJECT_VERSION = 1;
				DEVELOPMENT_ASSET_PATHS = "\"Cards/Preview Content\"";
				DEVELOPMENT_TEAM = HQ653CVRGS;
				ENABLE_HARDENED_RUNTIME = YES;
				ENABLE_PREVIEWS = YES;
				GENERATE_INFOPLIST_FILE = YES;
				INFOPLIST_KEY_NSHumanReadableCopyright = "";
				LD_RUNPATH_SEARCH_PATHS = (
					"$(inherited)",
					"@executable_path/../Frameworks",
				);
				MARKETING_VERSION = 1.0;
				PRODUCT_BUNDLE_IDENTIFIER = ca.matthewzhang.Cards;
				PRODUCT_NAME = "$(TARGET_NAME)";
				SWIFT_EMIT_LOC_STRINGS = YES;
				SWIFT_VERSION = 5.0;
			};
			name = Debug;
		};
		DF5B137A2B59B4770079036D /* Release */ = {
			isa = XCBuildConfiguration;
			buildSettings = {
				ASSETCATALOG_COMPILER_APPICON_NAME = AppIcon;
				ASSETCATALOG_COMPILER_GLOBAL_ACCENT_COLOR_NAME = AccentColor;
				CODE_SIGN_ENTITLEMENTS = Cards/Cards.entitlements;
				CODE_SIGN_STYLE = Automatic;
				COMBINE_HIDPI_IMAGES = YES;
				CURRENT_PROJECT_VERSION = 1;
				DEVELOPMENT_ASSET_PATHS = "\"Cards/Preview Content\"";
				DEVELOPMENT_TEAM = HQ653CVRGS;
				ENABLE_HARDENED_RUNTIME = YES;
				ENABLE_PREVIEWS = YES;
				GENERATE_INFOPLIST_FILE = YES;
				INFOPLIST_KEY_NSHumanReadableCopyright = "";
				LD_RUNPATH_SEARCH_PATHS = (
					"$(inherited)",
					"@executable_path/../Frameworks",
				);
				MARKETING_VERSION = 1.0;
				PRODUCT_BUNDLE_IDENTIFIER = ca.matthewzhang.Cards;
				PRODUCT_NAME = "$(TARGET_NAME)";
				SWIFT_EMIT_LOC_STRINGS = YES;
				SWIFT_VERSION = 5.0;
			};
			name = Release;
		};
/* End XCBuildConfiguration section */

/* Begin XCConfigurationList section */
		DF5B13642B59B4730079036D /* Build configuration list for PBXProject "Cards" */ = {
			isa = XCConfigurationList;
			buildConfigurations = (
				DF5B13762B59B4770079036D /* Debug */,
				DF5B13772B59B4770079036D /* Release */,
			);
			defaultConfigurationIsVisible = 0;
			defaultConfigurationName = Release;
		};
		DF5B13782B59B4770079036D /* Build configuration list for PBXNativeTarget "Cards" */ = {
			isa = XCConfigurationList;
			buildConfigurations = (
				DF5B13792B59B4770079036D /* Debug */,
				DF5B137A2B59B4770079036D /* Release */,
			);
			defaultConfigurationIsVisible = 0;
			defaultConfigurationName = Release;
		};
/* End XCConfigurationList section */
	};
	rootObject = DF5B13612B59B4730079036D /* Project object */;
}
